
Microsoft Visual Studio Solution File, Format Version 12.00
# Visual Studio 15
VisualStudioVersion = 15.0.26124.0
MinimumVisualStudioVersion = 15.0.26124.0
Project("{FAE04EC0-301F-11D3-BF4B-00C04F79EFBC}") = "ProjectOne.Contract", "ProjectOne.Contracts\ProjectOne.Contract.csproj", "{D2239391-598E-4AEA-9DFC-C7F64A7647E2}"
EndProject
Project("{FAE04EC0-301F-11D3-BF4B-00C04F79EFBC}") = "ProjectOne.Entity", "ProjectOne.Entities\ProjectOne.Entity.csproj", "{176AFB73-F5E1-4A2E-8597-9EB9CB251C66}"
EndProject
Project("{FAE04EC0-301F-11D3-BF4B-00C04F79EFBC}") = "ProjectOne.Repository", "ProjectOne.Repository\ProjectOne.Repository.csproj", "{1834A68D-8388-4C61-8AA4-E8F649A4FAAA}"
EndProject
Project("{FAE04EC0-301F-11D3-BF4B-00C04F79EFBC}") = "ProjectOne.Service", "ProjectOne.Service\ProjectOne.Service.csproj", "{47D49532-637D-4F62-9881-8CA50A363D59}"
EndProject
Global
	GlobalSection(SolutionConfigurationPlatforms) = preSolution
		Debug|Any CPU = Debug|Any CPU
		Debug|x64 = Debug|x64
		Debug|x86 = Debug|x86
		Release|Any CPU = Release|Any CPU
		Release|x64 = Release|x64
		Release|x86 = Release|x86
	EndGlobalSection
	GlobalSection(SolutionProperties) = preSolution
		HideSolutionNode = FALSE
	EndGlobalSection
	GlobalSection(ProjectConfigurationPlatforms) = postSolution
		{D2239391-598E-4AEA-9DFC-C7F64A7647E2}.Debug|Any CPU.ActiveCfg = Debug|Any CPU
		{D2239391-598E-4AEA-9DFC-C7F64A7647E2}.Debug|Any CPU.Build.0 = Debug|Any CPU
		{D2239391-598E-4AEA-9DFC-C7F64A7647E2}.Debug|x64.ActiveCfg = Debug|Any CPU
		{D2239391-598E-4AEA-9DFC-C7F64A7647E2}.Debug|x64.Build.0 = Debug|Any CPU
		{D2239391-598E-4AEA-9DFC-C7F64A7647E2}.Debug|x86.ActiveCfg = Debug|Any CPU
		{D2239391-598E-4AEA-9DFC-C7F64A7647E2}.Debug|x86.Build.0 = Debug|Any CPU
		{D2239391-598E-4AEA-9DFC-C7F64A7647E2}.Release|Any CPU.ActiveCfg = Release|Any CPU
		{D2239391-598E-4AEA-9DFC-C7F64A7647E2}.Release|Any CPU.Build.0 = Release|Any CPU
		{D2239391-598E-4AEA-9DFC-C7F64A7647E2}.Release|x64.ActiveCfg = Release|Any CPU
		{D2239391-598E-4AEA-9DFC-C7F64A7647E2}.Release|x64.Build.0 = Release|Any CPU
		{D2239391-598E-4AEA-9DFC-C7F64A7647E2}.Release|x86.ActiveCfg = Release|Any CPU
		{D2239391-598E-4AEA-9DFC-C7F64A7647E2}.Release|x86.Build.0 = Release|Any CPU
		{176AFB73-F5E1-4A2E-8597-9EB9CB251C66}.Debug|Any CPU.ActiveCfg = Debug|Any CPU
		{176AFB73-F5E1-4A2E-8597-9EB9CB251C66}.Debug|Any CPU.Build.0 = Debug|Any CPU
		{176AFB73-F5E1-4A2E-8597-9EB9CB251C66}.Debug|x64.ActiveCfg = Debug|Any CPU
		{176AFB73-F5E1-4A2E-8597-9EB9CB251C66}.Debug|x64.Build.0 = Debug|Any CPU
		{176AFB73-F5E1-4A2E-8597-9EB9CB251C66}.Debug|x86.ActiveCfg = Debug|Any CPU
		{176AFB73-F5E1-4A2E-8597-9EB9CB251C66}.Debug|x86.Build.0 = Debug|Any CPU
		{176AFB73-F5E1-4A2E-8597-9EB9CB251C66}.Release|Any CPU.ActiveCfg = Release|Any CPU
		{176AFB73-F5E1-4A2E-8597-9EB9CB251C66}.Release|Any CPU.Build.0 = Release|Any CPU
		{176AFB73-F5E1-4A2E-8597-9EB9CB251C66}.Release|x64.ActiveCfg = Release|Any CPU
		{176AFB73-F5E1-4A2E-8597-9EB9CB251C66}.Release|x64.Build.0 = Release|Any CPU
		{176AFB73-F5E1-4A2E-8597-9EB9CB251C66}.Release|x86.ActiveCfg = Release|Any CPU
		{176AFB73-F5E1-4A2E-8597-9EB9CB251C66}.Release|x86.Build.0 = Release|Any CPU
		{1834A68D-8388-4C61-8AA4-E8F649A4FAAA}.Debug|Any CPU.ActiveCfg = Debug|Any CPU
		{1834A68D-8388-4C61-8AA4-E8F649A4FAAA}.Debug|Any CPU.Build.0 = Debug|Any CPU
		{1834A68D-8388-4C61-8AA4-E8F649A4FAAA}.Debug|x64.ActiveCfg = Debug|Any CPU
		{1834A68D-8388-4C61-8AA4-E8F649A4FAAA}.Debug|x64.Build.0 = Debug|Any CPU
		{1834A68D-8388-4C61-8AA4-E8F649A4FAAA}.Debug|x86.ActiveCfg = Debug|Any CPU
		{1834A68D-8388-4C61-8AA4-E8F649A4FAAA}.Debug|x86.Build.0 = Debug|Any CPU
		{1834A68D-8388-4C61-8AA4-E8F649A4FAAA}.Release|Any CPU.ActiveCfg = Release|Any CPU
		{1834A68D-8388-4C61-8AA4-E8F649A4FAAA}.Release|Any CPU.Build.0 = Release|Any CPU
		{1834A68D-8388-4C61-8AA4-E8F649A4FAAA}.Release|x64.ActiveCfg = Release|Any CPU
		{1834A68D-8388-4C61-8AA4-E8F649A4FAAA}.Release|x64.Build.0 = Release|Any CPU
		{1834A68D-8388-4C61-8AA4-E8F649A4FAAA}.Release|x86.ActiveCfg = Release|Any CPU
		{1834A68D-8388-4C61-8AA4-E8F649A4FAAA}.Release|x86.Build.0 = Release|Any CPU
		{47D49532-637D-4F62-9881-8CA50A363D59}.Debug|Any CPU.ActiveCfg = Debug|Any CPU
		{47D49532-637D-4F62-9881-8CA50A363D59}.Debug|Any CPU.Build.0 = Debug|Any CPU
		{47D49532-637D-4F62-9881-8CA50A363D59}.Debug|x64.ActiveCfg = Debug|Any CPU
		{47D49532-637D-4F62-9881-8CA50A363D59}.Debug|x64.Build.0 = Debug|Any CPU
		{47D49532-637D-4F62-9881-8CA50A363D59}.Debug|x86.ActiveCfg = Debug|Any CPU
		{47D49532-637D-4F62-9881-8CA50A363D59}.Debug|x86.Build.0 = Debug|Any CPU
		{47D49532-637D-4F62-9881-8CA50A363D59}.Release|Any CPU.ActiveCfg = Release|Any CPU
		{47D49532-637D-4F62-9881-8CA50A363D59}.Release|Any CPU.Build.0 = Release|Any CPU
		{47D49532-637D-4F62-9881-8CA50A363D59}.Release|x64.ActiveCfg = Release|Any CPU
		{47D49532-637D-4F62-9881-8CA50A363D59}.Release|x64.Build.0 = Release|Any CPU
		{47D49532-637D-4F62-9881-8CA50A363D59}.Release|x86.ActiveCfg = Release|Any CPU
		{47D49532-637D-4F62-9881-8CA50A363D59}.Release|x86.Build.0 = Release|Any CPU
	EndGlobalSection
EndGlobal
